
Microsoft Visual Studio Solution File, Format Version 12.00
# Visual Studio Version 17
VisualStudioVersion = 17.8.34330.188
MinimumVisualStudioVersion = 10.0.40219.1
Project("{8BC9CEB8-8B4A-11D0-8D11-00A0C91BC942}") = "malicious memory scanner", "malicious memory scanner\malicious memory scanner.vcxproj", "{561F5787-5992-4DA7-9ADA-EE5AFFB8006C}"
EndProject
Global
	GlobalSection(SolutionConfigurationPlatforms) = preSolution
		Debug|x64 = Debug|x64
		Debug|x86 = Debug|x86
		Release|x64 = Release|x64
		Release|x86 = Release|x86
	EndGlobalSection
	GlobalSection(ProjectConfigurationPlatforms) = postSolution
		{561F5787-5992-4DA7-9ADA-EE5AFFB8006C}.Debug|x64.ActiveCfg = Debug|x64
		{561F5787-5992-4DA7-9ADA-EE5AFFB8006C}.Debug|x64.Build.0 = Debug|x64
		{561F5787-5992-4DA7-9ADA-EE5AFFB8006C}.Debug|x86.ActiveCfg = Debug|Win32
		{561F5787-5992-4DA7-9ADA-EE5AFFB8006C}.Debug|x86.Build.0 = Debug|Win32
		{561F5787-5992-4DA7-9ADA-EE5AFFB8006C}.Release|x64.ActiveCfg = Release|x64
		{561F5787-5992-4DA7-9ADA-EE5AFFB8006C}.Release|x64.Build.0 = Release|x64
		{561F5787-5992-4DA7-9ADA-EE5AFFB8006C}.Release|x86.ActiveCfg = Release|Win32
		{561F5787-5992-4DA7-9ADA-EE5AFFB8006C}.Release|x86.Build.0 = Release|Win32
	EndGlobalSection
	GlobalSection(SolutionProperties) = preSolution
		HideSolutionNode = FALSE
	EndGlobalSection
	GlobalSection(ExtensibilityGlobals) = postSolution
		SolutionGuid = {C78187E6-D70C-496D-8E0F-3F0EA382A575}
	EndGlobalSection
EndGlobal
