<?xml version="1.0" encoding="utf-8"?>
<Project ToolsVersion="4.0" xmlns="http://schemas.microsoft.com/developer/msbuild/2003">
  <ItemGroup>
    <Filter Include="Source Files">
      <UniqueIdentifier>{4FC737F1-C7A5-4376-A066-2A32D752A2FF}</UniqueIdentifier>
      <Extensions>cpp;c;cc;cxx;c++;cppm;ixx;def;odl;idl;hpj;bat;asm;asmx</Extensions>
    </Filter>
    <Filter Include="Header Files">
      <UniqueIdentifier>{93995380-89BD-4b04-88EB-625FBE52EBFB}</UniqueIdentifier>
      <Extensions>h;hh;hpp;hxx;h++;hm;inl;inc;ipp;xsd</Extensions>
    </Filter>
    <Filter Include="Header Files\util">
      <UniqueIdentifier>{0aa73330-ff9d-40ac-9b53-ec7481bbb9bf}</UniqueIdentifier>
    </Filter>
    <Filter Include="Resource Files">
      <UniqueIdentifier>{67DA6AB6-F800-4c08-8B7A-83BB121AAD01}</UniqueIdentifier>
      <Extensions>rc;ico;cur;bmp;dlg;rc2;rct;bin;rgs;gif;jpg;jpeg;jpe;resx;tiff;tif;png;wav;mfcribbon-ms</Extensions>
    </Filter>
    <Filter Include="Header Files\scanner">
      <UniqueIdentifier>{6b3f1ac2-e994-454a-940f-4caa50996cb8}</UniqueIdentifier>
    </Filter>
    <Filter Include="Header Files\verification">
      <UniqueIdentifier>{15ba5532-4d56-4055-9011-9cb82d466e8a}</UniqueIdentifier>
    </Filter>
  </ItemGroup>
  <ItemGroup>
    <ClCompile Include="main.cpp">
      <Filter>Source Files</Filter>
    </ClCompile>
  </ItemGroup>
  <ItemGroup>
    <ClInclude Include="util\util.hpp">
      <Filter>Header Files\util</Filter>
    </ClInclude>
    <ClInclude Include="stdafx.h">
      <Filter>Header Files</Filter>
    </ClInclude>
    <ClInclude Include="util\li.hpp">
      <Filter>Header Files\util</Filter>
    </ClInclude>
    <ClInclude Include="util\shadow_syscall.hpp">
      <Filter>Header Files\util</Filter>
    </ClInclude>
    <ClInclude Include="scanner\scanner.hpp">
      <Filter>Header Files\scanner</Filter>
    </ClInclude>
    <ClInclude Include="util\encrypt.hpp">
      <Filter>Header Files\util</Filter>
    </ClInclude>
    <ClInclude Include="util\structs.hpp">
      <Filter>Header Files\util</Filter>
    </ClInclude>
    <ClInclude Include="verification\verification.hpp">
      <Filter>Header Files\verification</Filter>
    </ClInclude>
    <ClInclude Include="scanner\report.hpp">
      <Filter>Header Files</Filter>
    </ClInclude>
    <ClInclude Include="scanner\types.hpp">
      <Filter>Header Files</Filter>
    </ClInclude>
    <ClInclude Include="scanner\signatures.hpp">
      <Filter>Header Files</Filter>
    </ClInclude>
  </ItemGroup>
</Project>